{
  "name": "mcp-server-manager",
  "lockfileVersion": 3,
  "requires": true,
  "packages": {
    "": {
      "devDependencies": {
        "@eslint/js": "^9.39.4",
        "@typescript-eslint/parser": "^8.59.4",
        "vue-eslint-parser": "^10.4.0"
      }
    },
    "node_modules/@eslint/js": {
      "version": "9.39.4",
      "resolved": "https://registry.npmjs.org/@eslint/js/-/js-9.39.4.tgz",
      "integrity": "sha512-nE7DEIchvtiFTwBw4Lfbu59PG+kCofhjsKaCWzxTpt4lfRjRMqG6uMBzKXuEcyXhOHoUp9riAm7/aWYGhXZ9cw==",
      "dev": true,
      "license": "MIT",
      "engines": {
        "node": "^18.18.0 || ^20.9.0 || >=21.1.0"
      },
      "funding": {
        "url": "https://eslint.org/donate"
      }
    },
    "node_modules/@types/esrecurse": {
      "version": "4.3.1",
      "resolved": "https://registry.npmjs.org/@types/esrecurse/-/esrecurse-4.3.1.tgz",
      "integrity": "sha512-xJBAbDifo5hpffDBuHl0Y8ywswbiAp/Wi7Y/GtAgSlZyIABppyurxVueOPE8LUQOxdlgi6Zqce7uoEpqNTeiUw==",
      "dev": true,
      "license": "MIT"
    },
    "node_modules/@types/estree": {
      "version": "1.0.9",
      "resolved": "https://registry.npmjs.org/@types/estree/-/estree-1.0.9.tgz",
      "integrity": "sha512-GhdPgy1el4/ImP05X05Uw4cw2/M93BCUmnEvWZNStlCzEKME4Fkk+YpoA5OiHNQmoS7Cafb8Xa3Pya8m1Qrzeg==",
      "dev": true,
      "license": "MIT"
    },
    "node_modules/@typescript-eslint/parser": {
      "version": "8.59.4",
      "resolved": "https://registry.npmjs.org/@typescript-eslint/parser/-/parser-8.59.4.tgz",
      "integrity": "sha512-zORHqO/tuhxY1zWuTvMUqddRxpiFJ72xVfcNoWpqdLjs6lfPbuQBJuW4pk+49/uBMy7Ssr4bzgjiKmmDB1UbZQ==",
      "dev": true,
      "license": "MIT",
      "dependencies": {
        "@typescript-eslint/scope-manager": "8.59.4",
        "@typescript-eslint/types": "8.59.4",
        "@typescript-eslint/typescript-estree": "8.59.4",
        "@typescript-eslint/visitor-keys": "8.59.4",
        "debug": "^4.4.3"
      },
      "engines": {
        "node": "^18.18.0 || ^20.9.0 || >=21.1.0"
      },
      "funding": {
        "type": "opencollective",
        "url": "https://opencollective.com/typescript-eslint"
      },
      "peerDependencies": {
        "eslint": "^8.57.0 || ^9.0.0 || ^10.0.0",
        "typescript": ">=4.8.4 <6.1.0"
      }
    },
    "node_modules/@typescript-eslint/project-service": {
      "version": "8.59.4",
      "resolved": "https://registry.npmjs.org/@typescript-eslint/project-service/-/project-service-8.59.4.tgz",
      "integrity": "sha512-Ly00Vu4oAacfDeHp2Zg85ioNG6l8HG+tN1D7J+xTHSxu9y0awYKJ2zH1rFBn8ZSfuGK+7FxK3Cgl3uAz0aZZLg==",
      "dev": true,
      "license": "MIT",
      "dependencies": {
        "@typescript-eslint/tsconfig-utils": "^8.59.4",
        "@typescript-eslint/types": "^8.59.4",
        "debug": "^4.4.3"
      },
      "engines": {
        "node": "^18.18.0 || ^20.9.0 || >=21.1.0"
      },
      "funding": {
        "type": "opencollective",
        "url": "https://opencollective.com/typescript-eslint"
      },
      "peerDependencies": {
        "typescript": ">=4.8.4 <6.1.0"
      }
    },
    "node_modules/@typescript-eslint/scope-manager": {
      "version": "8.59.4",
      "resolved": "https://registry.npmjs.org/@typescript-eslint/scope-manager/-/scope-manager-8.59.4.tgz",
      "integrity": "sha512-mUeR/3H1WrTAddJrwut8OoPjfauaztMQmRwV5fQTUyNVJCLiUXXe4lGEyYIL2oFDpP7UtgbGJXCt72wT0z2S3Q==",
      "dev": true,
      "license": "MIT",
      "dependencies": {
        "@typescript-eslint/types": "8.59.4",
        "@typescript-eslint/visitor-keys": "8.59.4"
      },
      "engines": {
        "node": "^18.18.0 || ^20.9.0 || >=21.1.0"
      },
      "funding": {
        "type": "opencollective",
        "url": "https://opencollective.com/typescript-eslint"
      }
    },
    "node_modules/@typescript-eslint/tsconfig-utils": {
      "version": "8.59.4",
      "resolved": "https://registry.npmjs.org/@typescript-eslint/tsconfig-utils/-/tsconfig-utils-8.59.4.tgz",
      "integrity": "sha512-DLCpnKgD4alVxTBSKulK+gU1KCqOgUXfDRDXh2mZgzokQKa/70ax93I2uVO3m/LLvIAtWZIFoiifudmIqAxpMA==",
      "dev": true,
      "license": "MIT",
      "engines": {
        "node": "^18.18.0 || ^20.9.0 || >=21.1.0"
      },
      "funding": {
        "type": "opencollective",
        "url": "https://opencollective.com/typescript-eslint"
      },
      "peerDependencies": {
        "typescript": ">=4.8.4 <6.1.0"
      }
    },
    "node_modules/@typescript-eslint/types": {
      "version": "8.59.4",
      "resolved": "https://registry.npmjs.org/@typescript-eslint/types/-/types-8.59.4.tgz",
      "integrity": "sha512-F1o7WJcCq+bc8dwcO/YsSEOudAH8RDtaOhM6wcAQhcUsFhnWQl81JKy48q1hoxAU0qrzM89+31GYh1515Zde3Q==",
      "dev": true,
      "license": "MIT",
      "engines": {
        "node": "^18.18.0 || ^20.9.0 || >=21.1.0"
      },
      "funding": {
        "type": "opencollective",
        "url": "https://opencollective.com/typescript-eslint"
      }
    },
    "node_modules/@typescript-eslint/typescript-estree": {
      "version": "8.59.4",
      "resolved": "https://registry.npmjs.org/@typescript-eslint/typescript-estree/-/typescript-estree-8.59.4.tgz",
      "integrity": "sha512-F+RuOmcDXo4+TPdfd/TCLS3m2nw8gE9XXyZLrA3JBfaA5tz9TtdkyD3YJFmPxulyc2cKbEok/CvFE3MgSLWnag==",
      "dev": true,
      "license": "MIT",
      "dependencies": {
        "@typescript-eslint/project-service": "8.59.4",
        "@typescript-eslint/tsconfig-utils": "8.59.4",
        "@typescript-eslint/types": "8.59.4",
        "@typescript-eslint/visitor-keys": "8.59.4",
        "debug": "^4.4.3",
        "minimatch": "^10.2.2",
        "semver": "^7.7.3",
        "tinyglobby": "^0.2.15",
        "ts-api-utils": "^2.5.0"
      },
      "engines": {
        "node": "^18.18.0 || ^20.9.0 || >=21.1.0"
      },
      "funding": {
        "type": "opencollective",
        "url": "https://opencollective.com/typescript-eslint"
      },
      "peerDependencies": {
        "typescript": ">=4.8.4 <6.1.0"
      }
    },
    "node_modules/@typescript-eslint/visitor-keys": {
      "version": "8.59.4",
      "resolved": "https://registry.npmjs.org/@typescript-eslint/visitor-keys/-/visitor-keys-8.59.4.tgz",
      "integrity": "sha512-U3gxVaDVnuZKhSspW/MzMxE1kq7zOdc072FcSNoqA1I9p8HyKbBFfEHoWckBAMgNMph4MamwS5iTVzFmrnt8TQ==",
      "dev": true,
      "license": "MIT",
      "dependencies": {
        "@typescript-eslint/types": "8.59.4",
        "eslint-visitor-keys": "^5.0.0"
      },
      "engines": {
        "node": "^18.18.0 || ^20.9.0 || >=21.1.0"
      },
      "funding": {
        "type": "opencollective",
        "url": "https://opencollective.com/typescript-eslint"
      }
    },
    "node_modules/acorn": {
      "version": "8.16.0",
      "resolved": "https://registry.npmjs.org/acorn/-/acorn-8.16.0.tgz",
      "integrity": "sha512-UVJyE9MttOsBQIDKw1skb9nAwQuR5wuGD3+82K6JgJlm/Y+KI92oNsMNGZCYdDsVtRHSak0pcV5Dno5+4jh9sw==",
      "dev": true,
      "license": "MIT",
      "bin": {
        "acorn": "bin/acorn"
      },
      "engines": {
        "node": ">=0.4.0"
      }
    },
    "node_modules/acorn-jsx": {
      "version": "5.3.2",
      "resolved": "https://registry.npmjs.org/acorn-jsx/-/acorn-jsx-5.3.2.tgz",
      "integrity": "sha512-rq9s+JNhf0IChjtDXxllJ7g41oZk5SlXtp0LHwyA5cejwn7vKmKp4pPri6YEePv2PU65sAsegbXtIinmDFDXgQ==",
      "dev": true,
      "license": "MIT",
      "peerDependencies": {
        "acorn": "^6.0.0 || ^7.0.0 || ^8.0.0"
      }
    },
    "node_modules/balanced-match": {
      "version": "4.0.4",
      "resolved": "https://registry.npmjs.org/balanced-match/-/balanced-match-4.0.4.tgz",
      "integrity": "sha512-BLrgEcRTwX2o6gGxGOCNyMvGSp35YofuYzw9h1IMTRmKqttAZZVU67bdb9Pr2vUHA8+j3i2tJfjO6C6+4myGTA==",
      "dev": true,
      "license": "MIT",
      "engines": {
        "node": "18 || 20 || >=22"
      }
    },
    "node_modules/brace-expansion": {
      "version": "5.0.6",
      "resolved": "https://registry.npmjs.org/brace-expansion/-/brace-expansion-5.0.6.tgz",
      "integrity": "sha512-kLpxurY4Z4r9sgMsyG0Z9uzsBlgiU/EFKhj/h91/8yHu0edo7XuixOIH3VcJ8kkxs6/jPzoI6U9Vj3WqbMQ94g==",
      "dev": true,
      "license": "MIT",
      "dependencies": {
        "balanced-match": "^4.0.2"
      },
      "engines": {
        "node": "18 || 20 || >=22"
      }
    },
    "node_modules/debug": {
      "version": "4.4.3",
      "resolved": "https://registry.npmjs.org/debug/-/debug-4.4.3.tgz",
      "integrity": "sha512-RGwwWnwQvkVfavKVt22FGLw+xYSdzARwm0ru6DhTVA3umU5hZc28V3kO4stgYryrTlLpuvgI9GiijltAjNbcqA==",
      "dev": true,
      "license": "MIT",
      "dependencies": {
        "ms": "^2.1.3"
      },
      "engines": {
        "node": ">=6.0"
      },
      "peerDependenciesMeta": {
        "supports-color": {
          "optional": true
        }
      }
    },
    "node_modules/eslint-scope": {
      "version": "9.1.2",
      "resolved": "https://registry.npmjs.org/eslint-scope/-/eslint-scope-9.1.2.tgz",
      "integrity": "sha512-xS90H51cKw0jltxmvmHy2Iai1LIqrfbw57b79w/J7MfvDfkIkFZ+kj6zC3BjtUwh150HsSSdxXZcsuv72miDFQ==",
      "dev": true,
      "license": "BSD-2-Clause",
      "dependencies": {
        "@types/esrecurse": "^4.3.1",
        "@types/estree": "^1.0.8",
        "esrecurse": "^4.3.0",
        "estraverse": "^5.2.0"
      },
      "engines": {
        "node": "^20.19.0 || ^22.13.0 || >=24"
      },
      "funding": {
        "url": "https://opencollective.com/eslint"
      }
    },
    "node_modules/eslint-visitor-keys": {
      "version": "5.0.1",
      "resolved": "https://registry.npmjs.org/eslint-visitor-keys/-/eslint-visitor-keys-5.0.1.tgz",
      "integrity": "sha512-tD40eHxA35h0PEIZNeIjkHoDR4YjjJp34biM0mDvplBe//mB+IHCqHDGV7pxF+7MklTvighcCPPZC7ynWyjdTA==",
      "dev": true,
      "license": "Apache-2.0",
      "engines": {
        "node": "^20.19.0 || ^22.13.0 || >=24"
      },
      "funding": {
        "url": "https://opencollective.com/eslint"
      }
    },
    "node_modules/espree": {
      "version": "11.2.0",
      "resolved": "https://registry.npmjs.org/espree/-/espree-11.2.0.tgz",
      "integrity": "sha512-7p3DrVEIopW1B1avAGLuCSh1jubc01H2JHc8B4qqGblmg5gI9yumBgACjWo4JlIc04ufug4xJ3SQI8HkS/Rgzw==",
      "dev": true,
      "license": "BSD-2-Clause",
      "dependencies": {
        "acorn": "^8.16.0",
        "acorn-jsx": "^5.3.2",
        "eslint-visitor-keys": "^5.0.1"
      },
      "engines": {
        "node": "^20.19.0 || ^22.13.0 || >=24"
      },
      "funding": {
        "url": "https://opencollective.com/eslint"
      }
    },
    "node_modules/esquery": {
      "version": "1.7.0",
      "resolved": "https://registry.npmjs.org/esquery/-/esquery-1.7.0.tgz",
      "integrity": "sha512-Ap6G0WQwcU/LHsvLwON1fAQX9Zp0A2Y6Y/cJBl9r/JbW90Zyg4/zbG6zzKa2OTALELarYHmKu0GhpM5EO+7T0g==",
      "dev": true,
      "license": "BSD-3-Clause",
      "dependencies": {
        "estraverse": "^5.1.0"
      },
      "engines": {
        "node": ">=0.10"
      }
    },
    "node_modules/esrecurse": {
      "version": "4.3.0",
      "resolved": "https://registry.npmjs.org/esrecurse/-/esrecurse-4.3.0.tgz",
      "integrity": "sha512-KmfKL3b6G+RXvP8N1vr3Tq1kL/oCFgn2NYXEtqP8/L3pKapUA4G8cFVaoF3SU323CD4XypR/ffioHmkti6/Tag==",
      "dev": true,
      "license": "BSD-2-Clause",
      "dependencies": {
        "estraverse": "^5.2.0"
      },
      "engines": {
        "node": ">=4.0"
      }
    },
    "node_modules/estraverse": {
      "version": "5.3.0",
      "resolved": "https://registry.npmjs.org/estraverse/-/estraverse-5.3.0.tgz",
      "integrity": "sha512-MMdARuVEQziNTeJD8DgMqmhwR11BRQ/cBP+pLtYdSTnf3MIO8fFeiINEbX36ZdNlfU/7A9f3gUw49B3oQsvwBA==",
      "dev": true,
      "license": "BSD-2-Clause",
      "engines": {
        "node": ">=4.0"
      }
    },
    "node_modules/fdir": {
      "version": "6.5.0",
      "resolved": "https://registry.npmjs.org/fdir/-/fdir-6.5.0.tgz",
      "integrity": "sha512-tIbYtZbucOs0BRGqPJkshJUYdL+SDH7dVM8gjy+ERp3WAUjLEFJE+02kanyHtwjWOnwrKYBiwAmM0p4kLJAnXg==",
      "dev": true,
      "license": "MIT",
      "engines": {
        "node": ">=12.0.0"
      },
      "peerDependencies": {
        "picomatch": "^3 || ^4"
      },
      "peerDependenciesMeta": {
        "picomatch": {
          "optional": true
        }
      }
    },
    "node_modules/minimatch": {
      "version": "10.2.5",
      "resolved": "https://registry.npmjs.org/minimatch/-/minimatch-10.2.5.tgz",
      "integrity": "sha512-MULkVLfKGYDFYejP07QOurDLLQpcjk7Fw+7jXS2R2czRQzR56yHRveU5NDJEOviH+hETZKSkIk5c+T23GjFUMg==",
      "dev": true,
      "license": "BlueOak-1.0.0",
      "dependencies": {
        "brace-expansion": "^5.0.5"
      },
      "engines": {
        "node": "18 || 20 || >=22"
      },
      "funding": {
        "url": "https://github.com/sponsors/isaacs"
      }
    },
    "node_modules/ms": {
      "version": "2.1.3",
      "resolved": "https://registry.npmjs.org/ms/-/ms-2.1.3.tgz",
      "integrity": "sha512-6FlzubTLZG3J2a/NVCAleEhjzq5oxgHyaCU9yYXvcLsvoVaHJq/s5xXI6/XXP6tz7R9xAOtHnSO/tXtF3WRTlA==",
      "dev": true,
      "license": "MIT"
    },
    "node_modules/picomatch": {
      "version": "4.0.4",
      "resolved": "https://registry.npmjs.org/picomatch/-/picomatch-4.0.4.tgz",
      "integrity": "sha512-QP88BAKvMam/3NxH6vj2o21R6MjxZUAd6nlwAS/pnGvN9IVLocLHxGYIzFhg6fUQ+5th6P4dv4eW9jX3DSIj7A==",
      "dev": true,
      "license": "MIT",
      "engines": {
        "node": ">=12"
      },
      "funding": {
        "url": "https://github.com/sponsors/jonschlinkert"
      }
    },
    "node_modules/semver": {
      "version": "7.8.1",
      "resolved": "https://registry.npmjs.org/semver/-/semver-7.8.1.tgz",
      "integrity": "sha512-rkVq3IXh+4FDGch+KwzX3aV9W3kO54GyEgpvBzSyctDA6Xtd7RJQV1xmXbeQp5v7+VzLOfVqiutSE6GICgPFvg==",
      "dev": true,
      "license": "ISC",
      "bin": {
        "semver": "bin/semver.js"
      },
      "engines": {
        "node": ">=10"
      }
    },
    "node_modules/tinyglobby": {
      "version": "0.2.16",
      "resolved": "https://registry.npmjs.org/tinyglobby/-/tinyglobby-0.2.16.tgz",
      "integrity": "sha512-pn99VhoACYR8nFHhxqix+uvsbXineAasWm5ojXoN8xEwK5Kd3/TrhNn1wByuD52UxWRLy8pu+kRMniEi6Eq9Zg==",
      "dev": true,
      "license": "MIT",
      "dependencies": {
        "fdir": "^6.5.0",
        "picomatch": "^4.0.4"
      },
      "engines": {
        "node": ">=12.0.0"
      },
      "funding": {
        "url": "https://github.com/sponsors/SuperchupuDev"
      }
    },
    "node_modules/ts-api-utils": {
      "version": "2.5.0",
      "resolved": "https://registry.npmjs.org/ts-api-utils/-/ts-api-utils-2.5.0.tgz",
      "integrity": "sha512-OJ/ibxhPlqrMM0UiNHJ/0CKQkoKF243/AEmplt3qpRgkW8VG7IfOS41h7V8TjITqdByHzrjcS/2si+y4lIh8NA==",
      "dev": true,
      "license": "MIT",
      "engines": {
        "node": ">=18.12"
      },
      "peerDependencies": {
        "typescript": ">=4.8.4"
      }
    },
    "node_modules/vue-eslint-parser": {
      "version": "10.4.0",
      "resolved": "https://registry.npmjs.org/vue-eslint-parser/-/vue-eslint-parser-10.4.0.tgz",
      "integrity": "sha512-Vxi9pJdbN3ZnVGLODVtZ7y4Y2kzAAE2Cm0CZ3ZDRvydVYxZ6VrnBhLikBsRS+dpwj4Jv4UCv21PTEwF5rQ9WXg==",
      "dev": true,
      "license": "MIT",
      "dependencies": {
        "debug": "^4.4.0",
        "eslint-scope": "^8.2.0 || ^9.0.0",
        "eslint-visitor-keys": "^4.2.0 || ^5.0.0",
        "espree": "^10.3.0 || ^11.0.0",
        "esquery": "^1.6.0",
        "semver": "^7.6.3"
      },
      "engines": {
        "node": "^18.18.0 || ^20.9.0 || >=21.1.0"
      },
      "funding": {
        "url": "https://github.com/sponsors/mysticatea"
      },
      "peerDependencies": {
        "eslint": "^8.57.0 || ^9.0.0 || ^10.0.0"
      }
    }
  }
}
